// !$*UTF8*$!
{
	archiveVersion = 1;
	classes = {
	};
	objectVersion = 48;
	objects = {

/* Begin PBXBuildFile section */
		6DFD3B442F76095099BC9615 /* Pods_CleanArchitecture.framework in Frameworks */ = {isa = PBXBuildFile; fileRef = 97C7085E43DED38DB7ECD89E /* Pods_CleanArchitecture.framework */; };
		AAD2450F14590F3DC56E1AAB /* Pods_CleanArchitectureUITests.framework in Frameworks */ = {isa = PBXBuildFile; fileRef = BE521AA2B823A3EAEA239311 /* Pods_CleanArchitectureUITests.framework */; };
		B66EE06D1FC20B800079B71A /* ProductionEnabled.swift in Sources */ = {isa = PBXBuildFile; fileRef = B66EE06C1FC20B800079B71A /* ProductionEnabled.swift */; };
		B6F26A4C1FC205800088857C /* AppDelegate.swift in Sources */ = {isa = PBXBuildFile; fileRef = B6F26A4B1FC205800088857C /* AppDelegate.swift */; };
		B6F26A4E1FC205800088857C /* ViewController.swift in Sources */ = {isa = PBXBuildFile; fileRef = B6F26A4D1FC205800088857C /* ViewController.swift */; };
		B6F26A511FC205800088857C /* Main.storyboard in Resources */ = {isa = PBXBuildFile; fileRef = B6F26A4F1FC205800088857C /* Main.storyboard */; };
		B6F26A531FC205800088857C /* Assets.xcassets in Resources */ = {isa = PBXBuildFile; fileRef = B6F26A521FC205800088857C /* Assets.xcassets */; };
		B6F26A561FC205800088857C /* LaunchScreen.storyboard in Resources */ = {isa = PBXBuildFile; fileRef = B6F26A541FC205800088857C /* LaunchScreen.storyboard */; };
		B6F26A611FC205800088857C /* CleanArchitectureTests.swift in Sources */ = {isa = PBXBuildFile; fileRef = B6F26A601FC205800088857C /* CleanArchitectureTests.swift */; };
		B6F26A6C1FC205800088857C /* CleanArchitectureUITests.swift in Sources */ = {isa = PBXBuildFile; fileRef = B6F26A6B1FC205800088857C /* CleanArchitectureUITests.swift */; };
		B6F26A7A1FC205A70088857C /* App.swift in Sources */ = {isa = PBXBuildFile; fileRef = B6F26A791FC205A70088857C /* App.swift */; };
		FE3210940387E96A76B72458 /* Pods_CleanArchitectureTests.framework in Frameworks */ = {isa = PBXBuildFile; fileRef = 9A3A83C2FB40B2E175AB4F50 /* Pods_CleanArchitectureTests.framework */; };
/* End PBXBuildFile section */

/* Begin PBXContainerItemProxy section */
		B6F26A5D1FC205800088857C /* PBXContainerItemProxy */ = {
			isa = PBXContainerItemProxy;
			containerPortal = B6F26A401FC2057F0088857C /* Project object */;
			proxyType = 1;
			remoteGlobalIDString = B6F26A471FC205800088857C;
			remoteInfo = CleanArchitecture;
		};
		B6F26A681FC205800088857C /* PBXContainerItemProxy */ = {
			isa = PBXContainerItemProxy;
			containerPortal = B6F26A401FC2057F0088857C /* Project object */;
			proxyType = 1;
			remoteGlobalIDString = B6F26A471FC205800088857C;
			remoteInfo = CleanArchitecture;
		};
/* End PBXContainerItemProxy section */

/* Begin PBXFileReference section */
		3E1DE1D9B123882DB2E1970D /* Pods-CleanArchitectureUITests.release.xcconfig */ = {isa = PBXFileReference; includeInIndex = 1; lastKnownFileType = text.xcconfig; name = "Pods-CleanArchitectureUITests.release.xcconfig"; path = "Pods/Target Support Files/Pods-CleanArchitectureUITests/Pods-CleanArchitectureUITests.release.xcconfig"; sourceTree = "<group>"; };
		706FD59623A79127383F2E2A /* Pods-CleanArchitectureTests.release.xcconfig */ = {isa = PBXFileReference; includeInIndex = 1; lastKnownFileType = text.xcconfig; name = "Pods-CleanArchitectureTests.release.xcconfig"; path = "Pods/Target Support Files/Pods-CleanArchitectureTests/Pods-CleanArchitectureTests.release.xcconfig"; sourceTree = "<group>"; };
		73756789EE923FC1A396D8F4 /* Pods-CleanArchitecture.debug.xcconfig */ = {isa = PBXFileReference; includeInIndex = 1; lastKnownFileType = text.xcconfig; name = "Pods-CleanArchitecture.debug.xcconfig"; path = "Pods/Target Support Files/Pods-CleanArchitecture/Pods-CleanArchitecture.debug.xcconfig"; sourceTree = "<group>"; };
		92BDD5E0D242802D9570A61D /* Pods-CleanArchitectureUITests.debug.xcconfig */ = {isa = PBXFileReference; includeInIndex = 1; lastKnownFileType = text.xcconfig; name = "Pods-CleanArchitectureUITests.debug.xcconfig"; path = "Pods/Target Support Files/Pods-CleanArchitectureUITests/Pods-CleanArchitectureUITests.debug.xcconfig"; sourceTree = "<group>"; };
		97C7085E43DED38DB7ECD89E /* Pods_CleanArchitecture.framework */ = {isa = PBXFileReference; explicitFileType = wrapper.framework; includeInIndex = 0; path = Pods_CleanArchitecture.framework; sourceTree = BUILT_PRODUCTS_DIR; };
		9A3A83C2FB40B2E175AB4F50 /* Pods_CleanArchitectureTests.framework */ = {isa = PBXFileReference; explicitFileType = wrapper.framework; includeInIndex = 0; path = Pods_CleanArchitectureTests.framework; sourceTree = BUILT_PRODUCTS_DIR; };
		B66EE06C1FC20B800079B71A /* ProductionEnabled.swift */ = {isa = PBXFileReference; lastKnownFileType = sourcecode.swift; path = ProductionEnabled.swift; sourceTree = "<group>"; };
		B6F26A481FC205800088857C /* CleanArchitecture.app */ = {isa = PBXFileReference; explicitFileType = wrapper.application; includeInIndex = 0; path = CleanArchitecture.app; sourceTree = BUILT_PRODUCTS_DIR; };
		B6F26A4B1FC205800088857C /* AppDelegate.swift */ = {isa = PBXFileReference; lastKnownFileType = sourcecode.swift; path = AppDelegate.swift; sourceTree = "<group>"; };
		B6F26A4D1FC205800088857C /* ViewController.swift */ = {isa = PBXFileReference; lastKnownFileType = sourcecode.swift; path = ViewController.swift; sourceTree = "<group>"; };
		B6F26A501FC205800088857C /* Base */ = {isa = PBXFileReference; lastKnownFileType = file.storyboard; name = Base; path = Base.lproj/Main.storyboard; sourceTree = "<group>"; };
		B6F26A521FC205800088857C /* Assets.xcassets */ = {isa = PBXFileReference; lastKnownFileType = folder.assetcatalog; path = Assets.xcassets; sourceTree = "<group>"; };
		B6F26A551FC205800088857C /* Base */ = {isa = PBXFileReference; lastKnownFileType = file.storyboard; name = Base; path = Base.lproj/LaunchScreen.storyboard; sourceTree = "<group>"; };
		B6F26A571FC205800088857C /* Info.plist */ = {isa = PBXFileReference; lastKnownFileType = text.plist.xml; path = Info.plist; sourceTree = "<group>"; };
		B6F26A5C1FC205800088857C /* CleanArchitectureTests.xctest */ = {isa = PBXFileReference; explicitFileType = wrapper.cfbundle; includeInIndex = 0; path = CleanArchitectureTests.xctest; sourceTree = BUILT_PRODUCTS_DIR; };
		B6F26A601FC205800088857C /* CleanArchitectureTests.swift */ = {isa = PBXFileReference; lastKnownFileType = sourcecode.swift; path = CleanArchitectureTests.swift; sourceTree = "<group>"; };
		B6F26A621FC205800088857C /* Info.plist */ = {isa = PBXFileReference; lastKnownFileType = text.plist.xml; path = Info.plist; sourceTree = "<group>"; };
		B6F26A671FC205800088857C /* CleanArchitectureUITests.xctest */ = {isa = PBXFileReference; explicitFileType = wrapper.cfbundle; includeInIndex = 0; path = CleanArchitectureUITests.xctest; sourceTree = BUILT_PRODUCTS_DIR; };
		B6F26A6B1FC205800088857C /* CleanArchitectureUITests.swift */ = {isa = PBXFileReference; lastKnownFileType = sourcecode.swift; path = CleanArchitectureUITests.swift; sourceTree = "<group>"; };
		B6F26A6D1FC205800088857C /* Info.plist */ = {isa = PBXFileReference; lastKnownFileType = text.plist.xml; path = Info.plist; sourceTree = "<group>"; };
		B6F26A791FC205A70088857C /* App.swift */ = {isa = PBXFileReference; lastKnownFileType = sourcecode.swift; path = App.swift; sourceTree = "<group>"; };
		BE521AA2B823A3EAEA239311 /* Pods_CleanArchitectureUITests.framework */ = {isa = PBXFileReference; explicitFileType = wrapper.framework; includeInIndex = 0; path = Pods_CleanArchitectureUITests.framework; sourceTree = BUILT_PRODUCTS_DIR; };
		CCBA44885ED8CFC931969492 /* Pods-CleanArchitectureTests.debug.xcconfig */ = {isa = PBXFileReference; includeInIndex = 1; lastKnownFileType = text.xcconfig; name = "Pods-CleanArchitectureTests.debug.xcconfig"; path = "Pods/Target Support Files/Pods-CleanArchitectureTests/Pods-CleanArchitectureTests.debug.xcconfig"; sourceTree = "<group>"; };
		DFD3B51C237EB9677817FC59 /* Pods-CleanArchitecture.release.xcconfig */ = {isa = PBXFileReference; includeInIndex = 1; lastKnownFileType = text.xcconfig; name = "Pods-CleanArchitecture.release.xcconfig"; path = "Pods/Target Support Files/Pods-CleanArchitecture/Pods-CleanArchitecture.release.xcconfig"; sourceTree = "<group>"; };
/* End PBXFileReference section */

/* Begin PBXFrameworksBuildPhase section */
		B6F26A451FC205800088857C /* Frameworks */ = {
			isa = PBXFrameworksBuildPhase;
			buildActionMask = 2147483647;
			files = (
				6DFD3B442F76095099BC9615 /* Pods_CleanArchitecture.framework in Frameworks */,
			);
			runOnlyForDeploymentPostprocessing = 0;
		};
		B6F26A591FC205800088857C /* Frameworks */ = {
			isa = PBXFrameworksBuildPhase;
			buildActionMask = 2147483647;
			files = (
				FE3210940387E96A76B72458 /* Pods_CleanArchitectureTests.framework in Frameworks */,
			);
			runOnlyForDeploymentPostprocessing = 0;
		};
		B6F26A641FC205800088857C /* Frameworks */ = {
			isa = PBXFrameworksBuildPhase;
			buildActionMask = 2147483647;
			files = (
				AAD2450F14590F3DC56E1AAB /* Pods_CleanArchitectureUITests.framework in Frameworks */,
			);
			runOnlyForDeploymentPostprocessing = 0;
		};
/* End PBXFrameworksBuildPhase section */

/* Begin PBXGroup section */
		4A43EE5287ECB3F2330ED71C /* Frameworks */ = {
			isa = PBXGroup;
			children = (
				97C7085E43DED38DB7ECD89E /* Pods_CleanArchitecture.framework */,
				9A3A83C2FB40B2E175AB4F50 /* Pods_CleanArchitectureTests.framework */,
				BE521AA2B823A3EAEA239311 /* Pods_CleanArchitectureUITests.framework */,
			);
			name = Frameworks;
			sourceTree = "<group>";
		};
		B66EE06A1FC206AE0079B71A /* App */ = {
			isa = PBXGroup;
			children = (
				B6F26A791FC205A70088857C /* App.swift */,
				B6F26A4B1FC205800088857C /* AppDelegate.swift */,
				B6F26A4D1FC205800088857C /* ViewController.swift */,
				B66EE06C1FC20B800079B71A /* ProductionEnabled.swift */,
			);
			path = App;
			sourceTree = "<group>";
		};
		B6F26A3F1FC2057F0088857C = {
			isa = PBXGroup;
			children = (
				B6F26A4A1FC205800088857C /* CleanArchitecture */,
				B6F26A5F1FC205800088857C /* CleanArchitectureTests */,
				B6F26A6A1FC205800088857C /* CleanArchitectureUITests */,
				B6F26A491FC205800088857C /* Products */,
				F88C56CC5A68607FF7AB34EA /* Pods */,
				4A43EE5287ECB3F2330ED71C /* Frameworks */,
			);
			sourceTree = "<group>";
		};
		B6F26A491FC205800088857C /* Products */ = {
			isa = PBXGroup;
			children = (
				B6F26A481FC205800088857C /* CleanArchitecture.app */,
				B6F26A5C1FC205800088857C /* CleanArchitectureTests.xctest */,
				B6F26A671FC205800088857C /* CleanArchitectureUITests.xctest */,
			);
			name = Products;
			sourceTree = "<group>";
		};
		B6F26A4A1FC205800088857C /* CleanArchitecture */ = {
			isa = PBXGroup;
			children = (
				B66EE06A1FC206AE0079B71A /* App */,
				B6F26A4F1FC205800088857C /* Main.storyboard */,
				B6F26A521FC205800088857C /* Assets.xcassets */,
				B6F26A541FC205800088857C /* LaunchScreen.storyboard */,
				B6F26A571FC205800088857C /* Info.plist */,
			);
			path = CleanArchitecture;
			sourceTree = "<group>";
		};
		B6F26A5F1FC205800088857C /* CleanArchitectureTests */ = {
			isa = PBXGroup;
			children = (
				B6F26A601FC205800088857C /* CleanArchitectureTests.swift */,
				B6F26A621FC205800088857C /* Info.plist */,
			);
			path = CleanArchitectureTests;
			sourceTree = "<group>";
		};
		B6F26A6A1FC205800088857C /* CleanArchitectureUITests */ = {
			isa = PBXGroup;
			children = (
				B6F26A6B1FC205800088857C /* CleanArchitectureUITests.swift */,
				B6F26A6D1FC205800088857C /* Info.plist */,
			);
			path = CleanArchitectureUITests;
			sourceTree = "<group>";
		};
		F88C56CC5A68607FF7AB34EA /* Pods */ = {
			isa = PBXGroup;
			children = (
				73756789EE923FC1A396D8F4 /* Pods-CleanArchitecture.debug.xcconfig */,
				DFD3B51C237EB9677817FC59 /* Pods-CleanArchitecture.release.xcconfig */,
				CCBA44885ED8CFC931969492 /* Pods-CleanArchitectureTests.debug.xcconfig */,
				706FD59623A79127383F2E2A /* Pods-CleanArchitectureTests.release.xcconfig */,
				92BDD5E0D242802D9570A61D /* Pods-CleanArchitectureUITests.debug.xcconfig */,
				3E1DE1D9B123882DB2E1970D /* Pods-CleanArchitectureUITests.release.xcconfig */,
			);
			name = Pods;
			sourceTree = "<group>";
		};
/* End PBXGroup section */

/* Begin PBXNativeTarget section */
		B6F26A471FC205800088857C /* CleanArchitecture */ = {
			isa = PBXNativeTarget;
			buildConfigurationList = B6F26A701FC205800088857C /* Build configuration list for PBXNativeTarget "CleanArchitecture" */;
			buildPhases = (
				54CEAA4AA371945F37F9BA72 /* [CP] Check Pods Manifest.lock */,
				B6F26A441FC205800088857C /* Sources */,
				B6F26A451FC205800088857C /* Frameworks */,
				B6F26A461FC205800088857C /* Resources */,
				899AED1F9FB8A6ADA41F7076 /* [CP] Embed Pods Frameworks */,
				40652C3763E7B2C6B4A6A01C /* [CP] Copy Pods Resources */,
			);
			buildRules = (
			);
			dependencies = (
			);
			name = CleanArchitecture;
			productName = CleanArchitecture;
			productReference = B6F26A481FC205800088857C /* CleanArchitecture.app */;
			productType = "com.apple.product-type.application";
		};
		B6F26A5B1FC205800088857C /* CleanArchitectureTests */ = {
			isa = PBXNativeTarget;
			buildConfigurationList = B6F26A731FC205800088857C /* Build configuration list for PBXNativeTarget "CleanArchitectureTests" */;
			buildPhases = (
				FFEB93A1414046DD4FEB87B4 /* [CP] Check Pods Manifest.lock */,
				B6F26A581FC205800088857C /* Sources */,
				B6F26A591FC205800088857C /* Frameworks */,
				B6F26A5A1FC205800088857C /* Resources */,
				7B6AC29E9EB32B7D0B3842AE /* [CP] Embed Pods Frameworks */,
				FE6274ACA85724BFF386002E /* [CP] Copy Pods Resources */,
			);
			buildRules = (
			);
			dependencies = (
				B6F26A5E1FC205800088857C /* PBXTargetDependency */,
			);
			name = CleanArchitectureTests;
			productName = CleanArchitectureTests;
			productReference = B6F26A5C1FC205800088857C /* CleanArchitectureTests.xctest */;
			productType = "com.apple.product-type.bundle.unit-test";
		};
		B6F26A661FC205800088857C /* CleanArchitectureUITests */ = {
			isa = PBXNativeTarget;
			buildConfigurationList = B6F26A761FC205800088857C /* Build configuration list for PBXNativeTarget "CleanArchitectureUITests" */;
			buildPhases = (
				37FB7FE22D1DE02793A4193C /* [CP] Check Pods Manifest.lock */,
				B6F26A631FC205800088857C /* Sources */,
				B6F26A641FC205800088857C /* Frameworks */,
				B6F26A651FC205800088857C /* Resources */,
				8799D543DD9A84405FA3930B /* [CP] Embed Pods Frameworks */,
				2DEFB42C50D8E5C1C7F06CBB /* [CP] Copy Pods Resources */,
			);
			buildRules = (
			);
			dependencies = (
				B6F26A691FC205800088857C /* PBXTargetDependency */,
			);
			name = CleanArchitectureUITests;
			productName = CleanArchitectureUITests;
			productReference = B6F26A671FC205800088857C /* CleanArchitectureUITests.xctest */;
			productType = "com.apple.product-type.bundle.ui-testing";
		};
/* End PBXNativeTarget section */

/* Begin PBXProject section */
		B6F26A401FC2057F0088857C /* Project object */ = {
			isa = PBXProject;
			attributes = {
				LastSwiftUpdateCheck = 0910;
				LastUpgradeCheck = 0910;
				ORGANIZATIONNAME = linxmap;
				TargetAttributes = {
					B6F26A471FC205800088857C = {
						CreatedOnToolsVersion = 9.1;
						ProvisioningStyle = Automatic;
					};
					B6F26A5B1FC205800088857C = {
						CreatedOnToolsVersion = 9.1;
						ProvisioningStyle = Automatic;
						TestTargetID = B6F26A471FC205800088857C;
					};
					B6F26A661FC205800088857C = {
						CreatedOnToolsVersion = 9.1;
						ProvisioningStyle = Automatic;
						TestTargetID = B6F26A471FC205800088857C;
					};
				};
			};
			buildConfigurationList = B6F26A431FC2057F0088857C /* Build configuration list for PBXProject "CleanArchitecture" */;
			compatibilityVersion = "Xcode 8.0";
			developmentRegion = en;
			hasScannedForEncodings = 0;
			knownRegions = (
				en,
				Base,
			);
			mainGroup = B6F26A3F1FC2057F0088857C;
			productRefGroup = B6F26A491FC205800088857C /* Products */;
			projectDirPath = "";
			projectRoot = "";
			targets = (
				B6F26A471FC205800088857C /* CleanArchitecture */,
				B6F26A5B1FC205800088857C /* CleanArchitectureTests */,
				B6F26A661FC205800088857C /* CleanArchitectureUITests */,
			);
		};
/* End PBXProject section */

/* Begin PBXResourcesBuildPhase section */
		B6F26A461FC205800088857C /* Resources */ = {
			isa = PBXResourcesBuildPhase;
			buildActionMask = 2147483647;
			files = (
				B6F26A561FC205800088857C /* LaunchScreen.storyboard in Resources */,
				B6F26A531FC205800088857C /* Assets.xcassets in Resources */,
				B6F26A511FC205800088857C /* Main.storyboard in Resources */,
			);
			runOnlyForDeploymentPostprocessing = 0;
		};
		B6F26A5A1FC205800088857C /* Resources */ = {
			isa = PBXResourcesBuildPhase;
			buildActionMask = 2147483647;
			files = (
			);
			runOnlyForDeploymentPostprocessing = 0;
		};
		B6F26A651FC205800088857C /* Resources */ = {
			isa = PBXResourcesBuildPhase;
			buildActionMask = 2147483647;
			files = (
			);
			runOnlyForDeploymentPostprocessing = 0;
		};
/* End PBXResourcesBuildPhase section */

/* Begin PBXShellScriptBuildPhase section */
		2DEFB42C50D8E5C1C7F06CBB /* [CP] Copy Pods Resources */ = {
			isa = PBXShellScriptBuildPhase;
			buildActionMask = 2147483647;
			files = (
			);
			inputPaths = (
			);
			name = "[CP] Copy Pods Resources";
			outputPaths = (
			);
			runOnlyForDeploymentPostprocessing = 0;
			shellPath = /bin/sh;
			shellScript = "\"${SRCROOT}/Pods/Target Support Files/Pods-CleanArchitectureUITests/Pods-CleanArchitectureUITests-resources.sh\"\n";
			showEnvVarsInLog = 0;
		};
		37FB7FE22D1DE02793A4193C /* [CP] Check Pods Manifest.lock */ = {
			isa = PBXShellScriptBuildPhase;
			buildActionMask = 2147483647;
			files = (
			);
			inputPaths = (
				"${PODS_PODFILE_DIR_PATH}/Podfile.lock",
				"${PODS_ROOT}/Manifest.lock",
			);
			name = "[CP] Check Pods Manifest.lock";
			outputPaths = (
				"$(DERIVED_FILE_DIR)/Pods-CleanArchitectureUITests-checkManifestLockResult.txt",
			);
			runOnlyForDeploymentPostprocessing = 0;
			shellPath = /bin/sh;
			shellScript = "diff \"${PODS_PODFILE_DIR_PATH}/Podfile.lock\" \"${PODS_ROOT}/Manifest.lock\" > /dev/null\nif [ $? != 0 ] ; then\n    # print error to STDERR\n    echo \"error: The sandbox is not in sync with the Podfile.lock. Run 'pod install' or update your CocoaPods installation.\" >&2\n    exit 1\nfi\n# This output is used by Xcode 'outputs' to avoid re-running this script phase.\necho \"SUCCESS\" > \"${SCRIPT_OUTPUT_FILE_0}\"\n";
			showEnvVarsInLog = 0;
		};
		40652C3763E7B2C6B4A6A01C /* [CP] Copy Pods Resources */ = {
			isa = PBXShellScriptBuildPhase;
			buildActionMask = 2147483647;
			files = (
			);
			inputPaths = (
			);
			name = "[CP] Copy Pods Resources";
			outputPaths = (
			);
			runOnlyForDeploymentPostprocessing = 0;
			shellPath = /bin/sh;
			shellScript = "\"${SRCROOT}/Pods/Target Support Files/Pods-CleanArchitecture/Pods-CleanArchitecture-resources.sh\"\n";
			showEnvVarsInLog = 0;
		};
		54CEAA4AA371945F37F9BA72 /* [CP] Check Pods Manifest.lock */ = {
			isa = PBXShellScriptBuildPhase;
			buildActionMask = 2147483647;
			files = (
			);
			inputPaths = (
				"${PODS_PODFILE_DIR_PATH}/Podfile.lock",
				"${PODS_ROOT}/Manifest.lock",
			);
			name = "[CP] Check Pods Manifest.lock";
			outputPaths = (
				"$(DERIVED_FILE_DIR)/Pods-CleanArchitecture-checkManifestLockResult.txt",
			);
			runOnlyForDeploymentPostprocessing = 0;
			shellPath = /bin/sh;
			shellScript = "diff \"${PODS_PODFILE_DIR_PATH}/Podfile.lock\" \"${PODS_ROOT}/Manifest.lock\" > /dev/null\nif [ $? != 0 ] ; then\n    # print error to STDERR\n    echo \"error: The sandbox is not in sync with the Podfile.lock. Run 'pod install' or update your CocoaPods installation.\" >&2\n    exit 1\nfi\n# This output is used by Xcode 'outputs' to avoid re-running this script phase.\necho \"SUCCESS\" > \"${SCRIPT_OUTPUT_FILE_0}\"\n";
			showEnvVarsInLog = 0;
		};
		7B6AC29E9EB32B7D0B3842AE /* [CP] Embed Pods Frameworks */ = {
			isa = PBXShellScriptBuildPhase;
			buildActionMask = 2147483647;
			files = (
			);
			inputPaths = (
				"${SRCROOT}/Pods/Target Support Files/Pods-CleanArchitectureTests/Pods-CleanArchitectureTests-frameworks.sh",
				"${BUILT_PRODUCTS_DIR}/RxSwift/RxSwift.framework",
			);
			name = "[CP] Embed Pods Frameworks";
			outputPaths = (
				"${TARGET_BUILD_DIR}/${FRAMEWORKS_FOLDER_PATH}/RxSwift.framework",
			);
			runOnlyForDeploymentPostprocessing = 0;
			shellPath = /bin/sh;
			shellScript = "\"${SRCROOT}/Pods/Target Support Files/Pods-CleanArchitectureTests/Pods-CleanArchitectureTests-frameworks.sh\"\n";
			showEnvVarsInLog = 0;
		};
		8799D543DD9A84405FA3930B /* [CP] Embed Pods Frameworks */ = {
			isa = PBXShellScriptBuildPhase;
			buildActionMask = 2147483647;
			files = (
			);
			inputPaths = (
			);
			name = "[CP] Embed Pods Frameworks";
			outputPaths = (
			);
			runOnlyForDeploymentPostprocessing = 0;
			shellPath = /bin/sh;
			shellScript = "\"${SRCROOT}/Pods/Target Support Files/Pods-CleanArchitectureUITests/Pods-CleanArchitectureUITests-frameworks.sh\"\n";
			showEnvVarsInLog = 0;
		};
		899AED1F9FB8A6ADA41F7076 /* [CP] Embed Pods Frameworks */ = {
			isa = PBXShellScriptBuildPhase;
			buildActionMask = 2147483647;
			files = (
			);
			inputPaths = (
				"${SRCROOT}/Pods/Target Support Files/Pods-CleanArchitecture/Pods-CleanArchitecture-frameworks.sh",
				"${BUILT_PRODUCTS_DIR}/RxSwift/RxSwift.framework",
			);
			name = "[CP] Embed Pods Frameworks";
			outputPaths = (
				"${TARGET_BUILD_DIR}/${FRAMEWORKS_FOLDER_PATH}/RxSwift.framework",
			);
			runOnlyForDeploymentPostprocessing = 0;
			shellPath = /bin/sh;
			shellScript = "\"${SRCROOT}/Pods/Target Support Files/Pods-CleanArchitecture/Pods-CleanArchitecture-frameworks.sh\"\n";
			showEnvVarsInLog = 0;
		};
		FE6274ACA85724BFF386002E /* [CP] Copy Pods Resources */ = {
			isa = PBXShellScriptBuildPhase;
			buildActionMask = 2147483647;
			files = (
			);
			inputPaths = (
			);
			name = "[CP] Copy Pods Resources";
			outputPaths = (
			);
			runOnlyForDeploymentPostprocessing = 0;
			shellPath = /bin/sh;
			shellScript = "\"${SRCROOT}/Pods/Target Support Files/Pods-CleanArchitectureTests/Pods-CleanArchitectureTests-resources.sh\"\n";
			showEnvVarsInLog = 0;
		};
		FFEB93A1414046DD4FEB87B4 /* [CP] Check Pods Manifest.lock */ = {
			isa = PBXShellScriptBuildPhase;
			buildActionMask = 2147483647;
			files = (
			);
			inputPaths = (
				"${PODS_PODFILE_DIR_PATH}/Podfile.lock",
				"${PODS_ROOT}/Manifest.lock",
			);
			name = "[CP] Check Pods Manifest.lock";
			outputPaths = (
				"$(DERIVED_FILE_DIR)/Pods-CleanArchitectureTests-checkManifestLockResult.txt",
			);
			runOnlyForDeploymentPostprocessing = 0;
			shellPath = /bin/sh;
			shellScript = "diff \"${PODS_PODFILE_DIR_PATH}/Podfile.lock\" \"${PODS_ROOT}/Manifest.lock\" > /dev/null\nif [ $? != 0 ] ; then\n    # print error to STDERR\n    echo \"error: The sandbox is not in sync with the Podfile.lock. Run 'pod install' or update your CocoaPods installation.\" >&2\n    exit 1\nfi\n# This output is used by Xcode 'outputs' to avoid re-running this script phase.\necho \"SUCCESS\" > \"${SCRIPT_OUTPUT_FILE_0}\"\n";
			showEnvVarsInLog = 0;
		};
/* End PBXShellScriptBuildPhase section */

/* Begin PBXSourcesBuildPhase section */
		B6F26A441FC205800088857C /* Sources */ = {
			isa = PBXSourcesBuildPhase;
			buildActionMask = 2147483647;
			files = (
				B66EE06D1FC20B800079B71A /* ProductionEnabled.swift in Sources */,
				B6F26A7A1FC205A70088857C /* App.swift in Sources */,
				B6F26A4E1FC205800088857C /* ViewController.swift in Sources */,
				B6F26A4C1FC205800088857C /* AppDelegate.swift in Sources */,
			);
			runOnlyForDeploymentPostprocessing = 0;
		};
		B6F26A581FC205800088857C /* Sources */ = {
			isa = PBXSourcesBuildPhase;
			buildActionMask = 2147483647;
			files = (
				B6F26A611FC205800088857C /* CleanArchitectureTests.swift in Sources */,
			);
			runOnlyForDeploymentPostprocessing = 0;
		};
		B6F26A631FC205800088857C /* Sources */ = {
			isa = PBXSourcesBuildPhase;
			buildActionMask = 2147483647;
			files = (
				B6F26A6C1FC205800088857C /* CleanArchitectureUITests.swift in Sources */,
			);
			runOnlyForDeploymentPostprocessing = 0;
		};
/* End PBXSourcesBuildPhase section */

/* Begin PBXTargetDependency section */
		B6F26A5E1FC205800088857C /* PBXTargetDependency */ = {
			isa = PBXTargetDependency;
			target = B6F26A471FC205800088857C /* CleanArchitecture */;
			targetProxy = B6F26A5D1FC205800088857C /* PBXContainerItemProxy */;
		};
		B6F26A691FC205800088857C /* PBXTargetDependency */ = {
			isa = PBXTargetDependency;
			target = B6F26A471FC205800088857C /* CleanArchitecture */;
			targetProxy = B6F26A681FC205800088857C /* PBXContainerItemProxy */;
		};
/* End PBXTargetDependency section */

/* Begin PBXVariantGroup section */
		B6F26A4F1FC205800088857C /* Main.storyboard */ = {
			isa = PBXVariantGroup;
			children = (
				B6F26A501FC205800088857C /* Base */,
			);
			name = Main.storyboard;
			sourceTree = "<group>";
		};
		B6F26A541FC205800088857C /* LaunchScreen.storyboard */ = {
			isa = PBXVariantGroup;
			children = (
				B6F26A551FC205800088857C /* Base */,
			);
			name = LaunchScreen.storyboard;
			sourceTree = "<group>";
		};
/* End PBXVariantGroup section */

/* Begin XCBuildConfiguration section */
		B6F26A6E1FC205800088857C /* Debug */ = {
			isa = XCBuildConfiguration;
			buildSettings = {
				ALWAYS_SEARCH_USER_PATHS = NO;
				CLANG_ANALYZER_NONNULL = YES;
				CLANG_ANALYZER_NUMBER_OBJECT_CONVERSION = YES_AGGRESSIVE;
				CLANG_CXX_LANGUAGE_STANDARD = "gnu++14";
				CLANG_CXX_LIBRARY = "libc++";
				CLANG_ENABLE_MODULES = YES;
				CLANG_ENABLE_OBJC_ARC = YES;
				CLANG_WARN_BLOCK_CAPTURE_AUTORELEASING = YES;
				CLANG_WARN_BOOL_CONVERSION = YES;
				CLANG_WARN_COMMA = YES;
				CLANG_WARN_CONSTANT_CONVERSION = YES;
				CLANG_WARN_DIRECT_OBJC_ISA_USAGE = YES_ERROR;
				CLANG_WARN_DOCUMENTATION_COMMENTS = YES;
				CLANG_WARN_EMPTY_BODY = YES;
				CLANG_WARN_ENUM_CONVERSION = YES;
				CLANG_WARN_INFINITE_RECURSION = YES;
				CLANG_WARN_INT_CONVERSION = YES;
				CLANG_WARN_NON_LITERAL_NULL_CONVERSION = YES;
				CLANG_WARN_OBJC_LITERAL_CONVERSION = YES;
				CLANG_WARN_OBJC_ROOT_CLASS = YES_ERROR;
				CLANG_WARN_RANGE_LOOP_ANALYSIS = YES;
				CLANG_WARN_STRICT_PROTOTYPES = YES;
				CLANG_WARN_SUSPICIOUS_MOVE = YES;
				CLANG_WARN_UNGUARDED_AVAILABILITY = YES_AGGRESSIVE;
				CLANG_WARN_UNREACHABLE_CODE = YES;
				CLANG_WARN__DUPLICATE_METHOD_MATCH = YES;
				CODE_SIGN_IDENTITY = "iPhone Developer";
				COPY_PHASE_STRIP = NO;
				DEBUG_INFORMATION_FORMAT = dwarf;
				ENABLE_STRICT_OBJC_MSGSEND = YES;
				ENABLE_TESTABILITY = YES;
				GCC_C_LANGUAGE_STANDARD = gnu11;
				GCC_DYNAMIC_NO_PIC = NO;
				GCC_NO_COMMON_BLOCKS = YES;
				GCC_OPTIMIZATION_LEVEL = 0;
				GCC_PREPROCESSOR_DEFINITIONS = (
					"DEBUG=1",
					"$(inherited)",
				);
				GCC_WARN_64_TO_32_BIT_CONVERSION = YES;
				GCC_WARN_ABOUT_RETURN_TYPE = YES_ERROR;
				GCC_WARN_UNDECLARED_SELECTOR = YES;
				GCC_WARN_UNINITIALIZED_AUTOS = YES_AGGRESSIVE;
				GCC_WARN_UNUSED_FUNCTION = YES;
				GCC_WARN_UNUSED_VARIABLE = YES;
				IPHONEOS_DEPLOYMENT_TARGET = 11.1;
				MTL_ENABLE_DEBUG_INFO = YES;
				ONLY_ACTIVE_ARCH = YES;
				SDKROOT = iphoneos;
				SWIFT_ACTIVE_COMPILATION_CONDITIONS = DEBUG;
				SWIFT_OPTIMIZATION_LEVEL = "-Onone";
			};
			name = Debug;
		};
		B6F26A6F1FC205800088857C /* Release */ = {
			isa = XCBuildConfiguration;
			buildSettings = {
				ALWAYS_SEARCH_USER_PATHS = NO;
				CLANG_ANALYZER_NONNULL = YES;
				CLANG_ANALYZER_NUMBER_OBJECT_CONVERSION = YES_AGGRESSIVE;
				CLANG_CXX_LANGUAGE_STANDARD = "gnu++14";
				CLANG_CXX_LIBRARY = "libc++";
				CLANG_ENABLE_MODULES = YES;
				CLANG_ENABLE_OBJC_ARC = YES;
				CLANG_WARN_BLOCK_CAPTURE_AUTORELEASING = YES;
				CLANG_WARN_BOOL_CONVERSION = YES;
				CLANG_WARN_COMMA = YES;
				CLANG_WARN_CONSTANT_CONVERSION = YES;
				CLANG_WARN_DIRECT_OBJC_ISA_USAGE = YES_ERROR;
				CLANG_WARN_DOCUMENTATION_COMMENTS = YES;
				CLANG_WARN_EMPTY_BODY = YES;
				CLANG_WARN_ENUM_CONVERSION = YES;
				CLANG_WARN_INFINITE_RECURSION = YES;
				CLANG_WARN_INT_CONVERSION = YES;
				CLANG_WARN_NON_LITERAL_NULL_CONVERSION = YES;
				CLANG_WARN_OBJC_LITERAL_CONVERSION = YES;
				CLANG_WARN_OBJC_ROOT_CLASS = YES_ERROR;
				CLANG_WARN_RANGE_LOOP_ANALYSIS = YES;
				CLANG_WARN_STRICT_PROTOTYPES = YES;
				CLANG_WARN_SUSPICIOUS_MOVE = YES;
				CLANG_WARN_UNGUARDED_AVAILABILITY = YES_AGGRESSIVE;
				CLANG_WARN_UNREACHABLE_CODE = YES;
				CLANG_WARN__DUPLICATE_METHOD_MATCH = YES;
				CODE_SIGN_IDENTITY = "iPhone Developer";
				COPY_PHASE_STRIP = NO;
				DEBUG_INFORMATION_FORMAT = "dwarf-with-dsym";
				ENABLE_NS_ASSERTIONS = NO;
				ENABLE_STRICT_OBJC_MSGSEND = YES;
				GCC_C_LANGUAGE_STANDARD = gnu11;
				GCC_NO_COMMON_BLOCKS = YES;
				GCC_WARN_64_TO_32_BIT_CONVERSION = YES;
				GCC_WARN_ABOUT_RETURN_TYPE = YES_ERROR;
				GCC_WARN_UNDECLARED_SELECTOR = YES;
				GCC_WARN_UNINITIALIZED_AUTOS = YES_AGGRESSIVE;
				GCC_WARN_UNUSED_FUNCTION = YES;
				GCC_WARN_UNUSED_VARIABLE = YES;
				IPHONEOS_DEPLOYMENT_TARGET = 11.1;
				MTL_ENABLE_DEBUG_INFO = NO;
				SDKROOT = iphoneos;
				SWIFT_OPTIMIZATION_LEVEL = "-Owholemodule";
				VALIDATE_PRODUCT = YES;
			};
			name = Release;
		};
		B6F26A711FC205800088857C /* Debug */ = {
			isa = XCBuildConfiguration;
			baseConfigurationReference = 73756789EE923FC1A396D8F4 /* Pods-CleanArchitecture.debug.xcconfig */;
			buildSettings = {
				ASSETCATALOG_COMPILER_APPICON_NAME = AppIcon;
				CODE_SIGN_STYLE = Automatic;
				DEVELOPMENT_TEAM = BDD95TS3QC;
				INFOPLIST_FILE = CleanArchitecture/Info.plist;
				LD_RUNPATH_SEARCH_PATHS = "$(inherited) @executable_path/Frameworks";
				PRODUCT_BUNDLE_IDENTIFIER = com.linxmap.ios.CleanArchitecture;
				PRODUCT_NAME = "$(TARGET_NAME)";
				SWIFT_VERSION = 4.0;
				TARGETED_DEVICE_FAMILY = "1,2";
			};
			name = Debug;
		};
		B6F26A721FC205800088857C /* Release */ = {
			isa = XCBuildConfiguration;
			baseConfigurationReference = DFD3B51C237EB9677817FC59 /* Pods-CleanArchitecture.release.xcconfig */;
			buildSettings = {
				ASSETCATALOG_COMPILER_APPICON_NAME = AppIcon;
				CODE_SIGN_STYLE = Automatic;
				DEVELOPMENT_TEAM = BDD95TS3QC;
				INFOPLIST_FILE = CleanArchitecture/Info.plist;
				LD_RUNPATH_SEARCH_PATHS = "$(inherited) @executable_path/Frameworks";
				PRODUCT_BUNDLE_IDENTIFIER = com.linxmap.ios.CleanArchitecture;
				PRODUCT_NAME = "$(TARGET_NAME)";
				SWIFT_VERSION = 4.0;
				TARGETED_DEVICE_FAMILY = "1,2";
			};
			name = Release;
		};
		B6F26A741FC205800088857C /* Debug */ = {
			isa = XCBuildConfiguration;
			baseConfigurationReference = CCBA44885ED8CFC931969492 /* Pods-CleanArchitectureTests.debug.xcconfig */;
			buildSettings = {
				ALWAYS_EMBED_SWIFT_STANDARD_LIBRARIES = YES;
				BUNDLE_LOADER = "$(TEST_HOST)";
				CODE_SIGN_STYLE = Automatic;
				DEVELOPMENT_TEAM = BDD95TS3QC;
				INFOPLIST_FILE = CleanArchitectureTests/Info.plist;
				LD_RUNPATH_SEARCH_PATHS = "$(inherited) @executable_path/Frameworks @loader_path/Frameworks";
				PRODUCT_BUNDLE_IDENTIFIER = com.linxmap.ios.CleanArchitectureTests;
				PRODUCT_NAME = "$(TARGET_NAME)";
				SWIFT_VERSION = 4.0;
				TARGETED_DEVICE_FAMILY = "1,2";
				TEST_HOST = "$(BUILT_PRODUCTS_DIR)/CleanArchitecture.app/CleanArchitecture";
			};
			name = Debug;
		};
		B6F26A751FC205800088857C /* Release */ = {
			isa = XCBuildConfiguration;
			baseConfigurationReference = 706FD59623A79127383F2E2A /* Pods-CleanArchitectureTests.release.xcconfig */;
			buildSettings = {
				ALWAYS_EMBED_SWIFT_STANDARD_LIBRARIES = YES;
				BUNDLE_LOADER = "$(TEST_HOST)";
				CODE_SIGN_STYLE = Automatic;
				DEVELOPMENT_TEAM = BDD95TS3QC;
				INFOPLIST_FILE = CleanArchitectureTests/Info.plist;
				LD_RUNPATH_SEARCH_PATHS = "$(inherited) @executable_path/Frameworks @loader_path/Frameworks";
				PRODUCT_BUNDLE_IDENTIFIER = com.linxmap.ios.CleanArchitectureTests;
				PRODUCT_NAME = "$(TARGET_NAME)";
				SWIFT_VERSION = 4.0;
				TARGETED_DEVICE_FAMILY = "1,2";
				TEST_HOST = "$(BUILT_PRODUCTS_DIR)/CleanArchitecture.app/CleanArchitecture";
			};
			name = Release;
		};
		B6F26A771FC205800088857C /* Debug */ = {
			isa = XCBuildConfiguration;
			baseConfigurationReference = 92BDD5E0D242802D9570A61D /* Pods-CleanArchitectureUITests.debug.xcconfig */;
			buildSettings = {
				ALWAYS_EMBED_SWIFT_STANDARD_LIBRARIES = YES;
				CODE_SIGN_STYLE = Automatic;
				DEVELOPMENT_TEAM = BDD95TS3QC;
				INFOPLIST_FILE = CleanArchitectureUITests/Info.plist;
				LD_RUNPATH_SEARCH_PATHS = "$(inherited) @executable_path/Frameworks @loader_path/Frameworks";
				PRODUCT_BUNDLE_IDENTIFIER = com.linxmap.ios.CleanArchitectureUITests;
				PRODUCT_NAME = "$(TARGET_NAME)";
				SWIFT_VERSION = 4.0;
				TARGETED_DEVICE_FAMILY = "1,2";
				TEST_TARGET_NAME = CleanArchitecture;
			};
			name = Debug;
		};
		B6F26A781FC205800088857C /* Release */ = {
			isa = XCBuildConfiguration;
			baseConfigurationReference = 3E1DE1D9B123882DB2E1970D /* Pods-CleanArchitectureUITests.release.xcconfig */;
			buildSettings = {
				ALWAYS_EMBED_SWIFT_STANDARD_LIBRARIES = YES;
				CODE_SIGN_STYLE = Automatic;
				DEVELOPMENT_TEAM = BDD95TS3QC;
				INFOPLIST_FILE = CleanArchitectureUITests/Info.plist;
				LD_RUNPATH_SEARCH_PATHS = "$(inherited) @executable_path/Frameworks @loader_path/Frameworks";
				PRODUCT_BUNDLE_IDENTIFIER = com.linxmap.ios.CleanArchitectureUITests;
				PRODUCT_NAME = "$(TARGET_NAME)";
				SWIFT_VERSION = 4.0;
				TARGETED_DEVICE_FAMILY = "1,2";
				TEST_TARGET_NAME = CleanArchitecture;
			};
			name = Release;
		};
/* End XCBuildConfiguration section */

/* Begin XCConfigurationList section */
		B6F26A431FC2057F0088857C /* Build configuration list for PBXProject "CleanArchitecture" */ = {
			isa = XCConfigurationList;
			buildConfigurations = (
				B6F26A6E1FC205800088857C /* Debug */,
				B6F26A6F1FC205800088857C /* Release */,
			);
			defaultConfigurationIsVisible = 0;
			defaultConfigurationName = Release;
		};
		B6F26A701FC205800088857C /* Build configuration list for PBXNativeTarget "CleanArchitecture" */ = {
			isa = XCConfigurationList;
			buildConfigurations = (
				B6F26A711FC205800088857C /* Debug */,
				B6F26A721FC205800088857C /* Release */,
			);
			defaultConfigurationIsVisible = 0;
			defaultConfigurationName = Release;
		};
		B6F26A731FC205800088857C /* Build configuration list for PBXNativeTarget "CleanArchitectureTests" */ = {
			isa = XCConfigurationList;
			buildConfigurations = (
				B6F26A741FC205800088857C /* Debug */,
				B6F26A751FC205800088857C /* Release */,
			);
			defaultConfigurationIsVisible = 0;
			defaultConfigurationName = Release;
		};
		B6F26A761FC205800088857C /* Build configuration list for PBXNativeTarget "CleanArchitectureUITests" */ = {
			isa = XCConfigurationList;
			buildConfigurations = (
				B6F26A771FC205800088857C /* Debug */,
				B6F26A781FC205800088857C /* Release */,
			);
			defaultConfigurationIsVisible = 0;
			defaultConfigurationName = Release;
		};
/* End XCConfigurationList section */
	};
	rootObject = B6F26A401FC2057F0088857C /* Project object */;
}
